
Microsoft Visual Studio Solution File, Format Version 12.00
# Visual Studio 14
VisualStudioVersion = 14.0.25420.1
MinimumVisualStudioVersion = 10.0.40219.1
Project("{FAE04EC0-301F-11D3-BF4B-00C04F79EFBC}") = "Physical Web HoloLens", "Physical Web HoloLens\Physical Web HoloLens.csproj", "{13A45C13-3265-47B8-BC48-A553B569DF55}"
EndProject
Project("{FAE04EC0-301F-11D3-BF4B-00C04F79EFBC}") = "Assembly-CSharp", "C:\Users\Ruben\Documents\physical-web-hololens\Physical Web HoloLens\App\GeneratedProjects\UWP\Assembly-CSharp\Assembly-CSharp.csproj", "{DF07C97E-66C9-4DFB-88C9-7A1F0F9B29AF}"
EndProject
Project("{FAE04EC0-301F-11D3-BF4B-00C04F79EFBC}") = "Assembly-CSharp-firstpass", "C:\Users\Ruben\Documents\physical-web-hololens\Physical Web HoloLens\App\GeneratedProjects\UWP\Assembly-CSharp-firstpass\Assembly-CSharp-firstpass.csproj", "{62074208-0972-4372-BF2C-4A409FCC4678}"
EndProject
Global
	GlobalSection(SolutionConfigurationPlatforms) = preSolution
		Debug|ARM = Debug|ARM
		Debug|x64 = Debug|x64
		Debug|x86 = Debug|x86
		Master|ARM = Master|ARM
		Master|x64 = Master|x64
		Master|x86 = Master|x86
		Release|ARM = Release|ARM
		Release|x64 = Release|x64
		Release|x86 = Release|x86
	EndGlobalSection
	GlobalSection(ProjectConfigurationPlatforms) = postSolution
		{13A45C13-3265-47B8-BC48-A553B569DF55}.Debug|ARM.ActiveCfg = Debug|ARM
		{13A45C13-3265-47B8-BC48-A553B569DF55}.Debug|ARM.Build.0 = Debug|ARM
		{13A45C13-3265-47B8-BC48-A553B569DF55}.Debug|ARM.Deploy.0 = Debug|ARM
		{13A45C13-3265-47B8-BC48-A553B569DF55}.Debug|x64.ActiveCfg = Debug|x64
		{13A45C13-3265-47B8-BC48-A553B569DF55}.Debug|x64.Build.0 = Debug|x64
		{13A45C13-3265-47B8-BC48-A553B569DF55}.Debug|x64.Deploy.0 = Debug|x64
		{13A45C13-3265-47B8-BC48-A553B569DF55}.Debug|x86.ActiveCfg = Debug|x86
		{13A45C13-3265-47B8-BC48-A553B569DF55}.Debug|x86.Build.0 = Debug|x86
		{13A45C13-3265-47B8-BC48-A553B569DF55}.Debug|x86.Deploy.0 = Debug|x86
		{13A45C13-3265-47B8-BC48-A553B569DF55}.Master|ARM.ActiveCfg = Master|ARM
		{13A45C13-3265-47B8-BC48-A553B569DF55}.Master|ARM.Build.0 = Master|ARM
		{13A45C13-3265-47B8-BC48-A553B569DF55}.Master|ARM.Deploy.0 = Master|ARM
		{13A45C13-3265-47B8-BC48-A553B569DF55}.Master|x64.ActiveCfg = Master|x64
		{13A45C13-3265-47B8-BC48-A553B569DF55}.Master|x64.Build.0 = Master|x64
		{13A45C13-3265-47B8-BC48-A553B569DF55}.Master|x64.Deploy.0 = Master|x64
		{13A45C13-3265-47B8-BC48-A553B569DF55}.Master|x86.ActiveCfg = Master|x86
		{13A45C13-3265-47B8-BC48-A553B569DF55}.Master|x86.Build.0 = Master|x86
		{13A45C13-3265-47B8-BC48-A553B569DF55}.Master|x86.Deploy.0 = Master|x86
		{13A45C13-3265-47B8-BC48-A553B569DF55}.Release|ARM.ActiveCfg = Release|ARM
		{13A45C13-3265-47B8-BC48-A553B569DF55}.Release|ARM.Build.0 = Release|ARM
		{13A45C13-3265-47B8-BC48-A553B569DF55}.Release|ARM.Deploy.0 = Release|ARM
		{13A45C13-3265-47B8-BC48-A553B569DF55}.Release|x64.ActiveCfg = Release|x64
		{13A45C13-3265-47B8-BC48-A553B569DF55}.Release|x64.Build.0 = Release|x64
		{13A45C13-3265-47B8-BC48-A553B569DF55}.Release|x64.Deploy.0 = Release|x64
		{13A45C13-3265-47B8-BC48-A553B569DF55}.Release|x86.ActiveCfg = Release|x86
		{13A45C13-3265-47B8-BC48-A553B569DF55}.Release|x86.Build.0 = Release|x86
		{13A45C13-3265-47B8-BC48-A553B569DF55}.Release|x86.Deploy.0 = Release|x86
		{DF07C97E-66C9-4DFB-88C9-7A1F0F9B29AF}.Debug|ARM.ActiveCfg = Debug|ARM
		{DF07C97E-66C9-4DFB-88C9-7A1F0F9B29AF}.Debug|ARM.Build.0 = Debug|ARM
		{DF07C97E-66C9-4DFB-88C9-7A1F0F9B29AF}.Debug|x64.ActiveCfg = Debug|x64
		{DF07C97E-66C9-4DFB-88C9-7A1F0F9B29AF}.Debug|x64.Build.0 = Debug|x64
		{DF07C97E-66C9-4DFB-88C9-7A1F0F9B29AF}.Debug|x86.ActiveCfg = Debug|x86
		{DF07C97E-66C9-4DFB-88C9-7A1F0F9B29AF}.Debug|x86.Build.0 = Debug|x86
		{DF07C97E-66C9-4DFB-88C9-7A1F0F9B29AF}.Master|ARM.ActiveCfg = Master|ARM
		{DF07C97E-66C9-4DFB-88C9-7A1F0F9B29AF}.Master|ARM.Build.0 = Master|ARM
		{DF07C97E-66C9-4DFB-88C9-7A1F0F9B29AF}.Master|x64.ActiveCfg = Master|x64
		{DF07C97E-66C9-4DFB-88C9-7A1F0F9B29AF}.Master|x64.Build.0 = Master|x64
		{DF07C97E-66C9-4DFB-88C9-7A1F0F9B29AF}.Master|x86.ActiveCfg = Master|x86
		{DF07C97E-66C9-4DFB-88C9-7A1F0F9B29AF}.Master|x86.Build.0 = Master|x86
		{DF07C97E-66C9-4DFB-88C9-7A1F0F9B29AF}.Release|ARM.ActiveCfg = Release|ARM
		{DF07C97E-66C9-4DFB-88C9-7A1F0F9B29AF}.Release|ARM.Build.0 = Release|ARM
		{DF07C97E-66C9-4DFB-88C9-7A1F0F9B29AF}.Release|x64.ActiveCfg = Release|x64
		{DF07C97E-66C9-4DFB-88C9-7A1F0F9B29AF}.Release|x64.Build.0 = Release|x64
		{DF07C97E-66C9-4DFB-88C9-7A1F0F9B29AF}.Release|x86.ActiveCfg = Release|x86
		{DF07C97E-66C9-4DFB-88C9-7A1F0F9B29AF}.Release|x86.Build.0 = Release|x86
		{62074208-0972-4372-BF2C-4A409FCC4678}.Debug|ARM.ActiveCfg = Debug|ARM
		{62074208-0972-4372-BF2C-4A409FCC4678}.Debug|ARM.Build.0 = Debug|ARM
		{62074208-0972-4372-BF2C-4A409FCC4678}.Debug|x64.ActiveCfg = Debug|x64
		{62074208-0972-4372-BF2C-4A409FCC4678}.Debug|x64.Build.0 = Debug|x64
		{62074208-0972-4372-BF2C-4A409FCC4678}.Debug|x86.ActiveCfg = Debug|x86
		{62074208-0972-4372-BF2C-4A409FCC4678}.Debug|x86.Build.0 = Debug|x86
		{62074208-0972-4372-BF2C-4A409FCC4678}.Master|ARM.ActiveCfg = Master|ARM
		{62074208-0972-4372-BF2C-4A409FCC4678}.Master|ARM.Build.0 = Master|ARM
		{62074208-0972-4372-BF2C-4A409FCC4678}.Master|x64.ActiveCfg = Master|x64
		{62074208-0972-4372-BF2C-4A409FCC4678}.Master|x64.Build.0 = Master|x64
		{62074208-0972-4372-BF2C-4A409FCC4678}.Master|x86.ActiveCfg = Master|x86
		{62074208-0972-4372-BF2C-4A409FCC4678}.Master|x86.Build.0 = Master|x86
		{62074208-0972-4372-BF2C-4A409FCC4678}.Release|ARM.ActiveCfg = Release|ARM
		{62074208-0972-4372-BF2C-4A409FCC4678}.Release|ARM.Build.0 = Release|ARM
		{62074208-0972-4372-BF2C-4A409FCC4678}.Release|x64.ActiveCfg = Release|x64
		{62074208-0972-4372-BF2C-4A409FCC4678}.Release|x64.Build.0 = Release|x64
		{62074208-0972-4372-BF2C-4A409FCC4678}.Release|x86.ActiveCfg = Release|x86
		{62074208-0972-4372-BF2C-4A409FCC4678}.Release|x86.Build.0 = Release|x86
	EndGlobalSection
	GlobalSection(SolutionProperties) = preSolution
		HideSolutionNode = FALSE
	EndGlobalSection
EndGlobal
